// !$*UTF8*$!
{
	archiveVersion = 1;
	classes = {
	};
	objectVersion = 56;
	objects = {

/* Begin PBXBuildFile section */
		3A2D527F2C88C91D00210ADC /* DogsViewController.swift in Sources */ = {isa = PBXBuildFile; fileRef = 3A2D527E2C88C91D00210ADC /* DogsViewController.swift */; };
		3A2D52812C88CA1D00210ADC /* CatsViewController.swift in Sources */ = {isa = PBXBuildFile; fileRef = 3A2D52802C88CA1D00210ADC /* CatsViewController.swift */; };
		3A437F282CAB44E80075C1BF /* Main.storyboard in Resources */ = {isa = PBXBuildFile; fileRef = 3AA17EE52C7B5C2A00E9D825 /* Main.storyboard */; };
		3A5415B42CBE66EF00EAF08F /* RandomPhotoAppUITests.swift in Sources */ = {isa = PBXBuildFile; fileRef = 3AA17F002C7B5C2D00E9D825 /* RandomPhotoAppUITests.swift */; };
		3AA17EE02C7B5C2900E9D825 /* AppDelegate.swift in Sources */ = {isa = PBXBuildFile; fileRef = 3AA17EDF2C7B5C2900E9D825 /* AppDelegate.swift */; };
		3AA17EE22C7B5C2900E9D825 /* SceneDelegate.swift in Sources */ = {isa = PBXBuildFile; fileRef = 3AA17EE12C7B5C2900E9D825 /* SceneDelegate.swift */; };
		3AA17EE42C7B5C2900E9D825 /* MainViewController.swift in Sources */ = {isa = PBXBuildFile; fileRef = 3AA17EE32C7B5C2900E9D825 /* MainViewController.swift */; };
		3AA17EE72C7B5C2A00E9D825 /* Main.storyboard in Resources */ = {isa = PBXBuildFile; fileRef = 3AA17EE52C7B5C2A00E9D825 /* Main.storyboard */; };
		3AA17EE92C7B5C2D00E9D825 /* Assets.xcassets in Resources */ = {isa = PBXBuildFile; fileRef = 3AA17EE82C7B5C2D00E9D825 /* Assets.xcassets */; };
		3AA17EEC2C7B5C2D00E9D825 /* LaunchScreen.storyboard in Resources */ = {isa = PBXBuildFile; fileRef = 3AA17EEA2C7B5C2D00E9D825 /* LaunchScreen.storyboard */; };
		3AA17EF72C7B5C2D00E9D825 /* RandomPhotoAppUnitTests.swift in Sources */ = {isa = PBXBuildFile; fileRef = 3AA17EF62C7B5C2D00E9D825 /* RandomPhotoAppUnitTests.swift */; };
		3AB686A42C89B6650021ECA2 /* Launch_Screen.jpg in Resources */ = {isa = PBXBuildFile; fileRef = 3AB686A32C89B6650021ECA2 /* Launch_Screen.jpg */; };
		3AC4C1082CB8202900EDF046 /* Cats.jpg in Resources */ = {isa = PBXBuildFile; fileRef = 3AC4C1072CB8202900EDF046 /* Cats.jpg */; };
		3AC4C10A2CB8203500EDF046 /* Dogs.jpg in Resources */ = {isa = PBXBuildFile; fileRef = 3AC4C1092CB8203500EDF046 /* Dogs.jpg */; };
		3AF5C3C22CB6953300FE6AF6 /* MockURLProtocol.swift in Sources */ = {isa = PBXBuildFile; fileRef = 3AF5C3C12CB6953300FE6AF6 /* MockURLProtocol.swift */; };
		3AF5C3C32CB6956700FE6AF6 /* MockURLProtocol.swift in Sources */ = {isa = PBXBuildFile; fileRef = 3AF5C3C12CB6953300FE6AF6 /* MockURLProtocol.swift */; };
		3AF7D4EA2CBE572200013F69 /* MockURLProtocol.swift in Sources */ = {isa = PBXBuildFile; fileRef = 3AF5C3C12CB6953300FE6AF6 /* MockURLProtocol.swift */; };
/* End PBXBuildFile section */

/* Begin PBXContainerItemProxy section */
		3AA17EF32C7B5C2D00E9D825 /* PBXContainerItemProxy */ = {
			isa = PBXContainerItemProxy;
			containerPortal = 3AA17ED42C7B5C2900E9D825 /* Project object */;
			proxyType = 1;
			remoteGlobalIDString = 3AA17EDB2C7B5C2900E9D825;
			remoteInfo = RandomPhotoApp;
		};
		3AA17EFD2C7B5C2D00E9D825 /* PBXContainerItemProxy */ = {
			isa = PBXContainerItemProxy;
			containerPortal = 3AA17ED42C7B5C2900E9D825 /* Project object */;
			proxyType = 1;
			remoteGlobalIDString = 3AA17EDB2C7B5C2900E9D825;
			remoteInfo = RandomPhotoApp;
		};
/* End PBXContainerItemProxy section */

/* Begin PBXFileReference section */
		3A2D527E2C88C91D00210ADC /* DogsViewController.swift */ = {isa = PBXFileReference; lastKnownFileType = sourcecode.swift; path = DogsViewController.swift; sourceTree = "<group>"; };
		3A2D52802C88CA1D00210ADC /* CatsViewController.swift */ = {isa = PBXFileReference; lastKnownFileType = sourcecode.swift; path = CatsViewController.swift; sourceTree = "<group>"; };
		3A5415B22CBE623F00EAF08F /* Test Plan Unit Tests.xctestplan */ = {isa = PBXFileReference; lastKnownFileType = text; path = "Test Plan Unit Tests.xctestplan"; sourceTree = "<group>"; };
		3A5415B32CBE625600EAF08F /* Test Plan UI Tests.xctestplan */ = {isa = PBXFileReference; lastKnownFileType = text; path = "Test Plan UI Tests.xctestplan"; sourceTree = "<group>"; };
		3AA17EDC2C7B5C2900E9D825 /* RandomPhotoApp.app */ = {isa = PBXFileReference; explicitFileType = wrapper.application; includeInIndex = 0; path = RandomPhotoApp.app; sourceTree = BUILT_PRODUCTS_DIR; };
		3AA17EDF2C7B5C2900E9D825 /* AppDelegate.swift */ = {isa = PBXFileReference; lastKnownFileType = sourcecode.swift; path = AppDelegate.swift; sourceTree = "<group>"; };
		3AA17EE12C7B5C2900E9D825 /* SceneDelegate.swift */ = {isa = PBXFileReference; lastKnownFileType = sourcecode.swift; path = SceneDelegate.swift; sourceTree = "<group>"; };
		3AA17EE32C7B5C2900E9D825 /* MainViewController.swift */ = {isa = PBXFileReference; lastKnownFileType = sourcecode.swift; path = MainViewController.swift; sourceTree = "<group>"; };
		3AA17EE62C7B5C2A00E9D825 /* Base */ = {isa = PBXFileReference; lastKnownFileType = file.storyboard; name = Base; path = Base.lproj/Main.storyboard; sourceTree = "<group>"; };
		3AA17EE82C7B5C2D00E9D825 /* Assets.xcassets */ = {isa = PBXFileReference; lastKnownFileType = folder.assetcatalog; path = Assets.xcassets; sourceTree = "<group>"; };
		3AA17EEB2C7B5C2D00E9D825 /* Base */ = {isa = PBXFileReference; lastKnownFileType = file.storyboard; name = Base; path = Base.lproj/LaunchScreen.storyboard; sourceTree = "<group>"; };
		3AA17EED2C7B5C2D00E9D825 /* Info.plist */ = {isa = PBXFileReference; lastKnownFileType = text.plist.xml; path = Info.plist; sourceTree = "<group>"; };
		3AA17EF22C7B5C2D00E9D825 /* RandomPhotoAppUnitTests.xctest */ = {isa = PBXFileReference; explicitFileType = wrapper.cfbundle; includeInIndex = 0; path = RandomPhotoAppUnitTests.xctest; sourceTree = BUILT_PRODUCTS_DIR; };
		3AA17EF62C7B5C2D00E9D825 /* RandomPhotoAppUnitTests.swift */ = {isa = PBXFileReference; lastKnownFileType = sourcecode.swift; path = RandomPhotoAppUnitTests.swift; sourceTree = "<group>"; };
		3AA17EFC2C7B5C2D00E9D825 /* RandomPhotoAppUITests.xctest */ = {isa = PBXFileReference; explicitFileType = wrapper.cfbundle; includeInIndex = 0; path = RandomPhotoAppUITests.xctest; sourceTree = BUILT_PRODUCTS_DIR; };
		3AA17F002C7B5C2D00E9D825 /* RandomPhotoAppUITests.swift */ = {isa = PBXFileReference; lastKnownFileType = sourcecode.swift; path = RandomPhotoAppUITests.swift; sourceTree = "<group>"; };
		3AB686A32C89B6650021ECA2 /* Launch_Screen.jpg */ = {isa = PBXFileReference; lastKnownFileType = image.jpeg; path = Launch_Screen.jpg; sourceTree = "<group>"; };
		3AC4C1072CB8202900EDF046 /* Cats.jpg */ = {isa = PBXFileReference; lastKnownFileType = image.jpeg; path = Cats.jpg; sourceTree = "<group>"; };
		3AC4C1092CB8203500EDF046 /* Dogs.jpg */ = {isa = PBXFileReference; lastKnownFileType = image.jpeg; path = Dogs.jpg; sourceTree = "<group>"; };
		3AF5C3C12CB6953300FE6AF6 /* MockURLProtocol.swift */ = {isa = PBXFileReference; lastKnownFileType = sourcecode.swift; path = MockURLProtocol.swift; sourceTree = "<group>"; };
/* End PBXFileReference section */

/* Begin PBXFrameworksBuildPhase section */
		3AA17ED92C7B5C2900E9D825 /* Frameworks */ = {
			isa = PBXFrameworksBuildPhase;
			buildActionMask = 2147483647;
			files = (
			);
			runOnlyForDeploymentPostprocessing = 0;
		};
		3AA17EEF2C7B5C2D00E9D825 /* Frameworks */ = {
			isa = PBXFrameworksBuildPhase;
			buildActionMask = 2147483647;
			files = (
			);
			runOnlyForDeploymentPostprocessing = 0;
		};
		3AA17EF92C7B5C2D00E9D825 /* Frameworks */ = {
			isa = PBXFrameworksBuildPhase;
			buildActionMask = 2147483647;
			files = (
			);
			runOnlyForDeploymentPostprocessing = 0;
		};
/* End PBXFrameworksBuildPhase section */

/* Begin PBXGroup section */
		3AA17ED32C7B5C2900E9D825 = {
			isa = PBXGroup;
			children = (
				3AA17EDE2C7B5C2900E9D825 /* RandomPhotoApp */,
				3AA17EF52C7B5C2D00E9D825 /* RandomPhotoAppTests */,
				3AA17EDD2C7B5C2900E9D825 /* Products */,
			);
			sourceTree = "<group>";
		};
		3AA17EDD2C7B5C2900E9D825 /* Products */ = {
			isa = PBXGroup;
			children = (
				3AA17EDC2C7B5C2900E9D825 /* RandomPhotoApp.app */,
				3AA17EF22C7B5C2D00E9D825 /* RandomPhotoAppUnitTests.xctest */,
				3AA17EFC2C7B5C2D00E9D825 /* RandomPhotoAppUITests.xctest */,
			);
			name = Products;
			sourceTree = "<group>";
		};
		3AA17EDE2C7B5C2900E9D825 /* RandomPhotoApp */ = {
			isa = PBXGroup;
			children = (
				3AD2D42B2C88F239008D2A8F /* Images */,
				3AA17EE32C7B5C2900E9D825 /* MainViewController.swift */,
				3A2D52802C88CA1D00210ADC /* CatsViewController.swift */,
				3A2D527E2C88C91D00210ADC /* DogsViewController.swift */,
				3AA17EDF2C7B5C2900E9D825 /* AppDelegate.swift */,
				3AA17EE12C7B5C2900E9D825 /* SceneDelegate.swift */,
				3AA17EE52C7B5C2A00E9D825 /* Main.storyboard */,
				3AA17EE82C7B5C2D00E9D825 /* Assets.xcassets */,
				3AA17EEA2C7B5C2D00E9D825 /* LaunchScreen.storyboard */,
				3AA17EED2C7B5C2D00E9D825 /* Info.plist */,
				3AF5C3C12CB6953300FE6AF6 /* MockURLProtocol.swift */,
			);
			path = RandomPhotoApp;
			sourceTree = "<group>";
		};
		3AA17EF52C7B5C2D00E9D825 /* RandomPhotoAppTests */ = {
			isa = PBXGroup;
			children = (
				3AA17EF62C7B5C2D00E9D825 /* RandomPhotoAppUnitTests.swift */,
				3A5415B22CBE623F00EAF08F /* Test Plan Unit Tests.xctestplan */,
				3AA17F002C7B5C2D00E9D825 /* RandomPhotoAppUITests.swift */,
				3A5415B32CBE625600EAF08F /* Test Plan UI Tests.xctestplan */,
			);
			path = RandomPhotoAppTests;
			sourceTree = "<group>";
		};
		3AD2D42B2C88F239008D2A8F /* Images */ = {
			isa = PBXGroup;
			children = (
				3AC4C1072CB8202900EDF046 /* Cats.jpg */,
				3AC4C1092CB8203500EDF046 /* Dogs.jpg */,
				3AB686A32C89B6650021ECA2 /* Launch_Screen.jpg */,
			);
			path = Images;
			sourceTree = "<group>";
		};
/* End PBXGroup section */

/* Begin PBXNativeTarget section */
		3AA17EDB2C7B5C2900E9D825 /* RandomPhotoApp */ = {
			isa = PBXNativeTarget;
			buildConfigurationList = 3AA17F062C7B5C2D00E9D825 /* Build configuration list for PBXNativeTarget "RandomPhotoApp" */;
			buildPhases = (
				3AA17ED82C7B5C2900E9D825 /* Sources */,
				3AA17ED92C7B5C2900E9D825 /* Frameworks */,
				3AA17EDA2C7B5C2900E9D825 /* Resources */,
			);
			buildRules = (
			);
			dependencies = (
			);
			name = RandomPhotoApp;
			productName = RandomPhotoApp;
			productReference = 3AA17EDC2C7B5C2900E9D825 /* RandomPhotoApp.app */;
			productType = "com.apple.product-type.application";
		};
		3AA17EF12C7B5C2D00E9D825 /* RandomPhotoAppUnitTests */ = {
			isa = PBXNativeTarget;
			buildConfigurationList = 3AA17F092C7B5C2D00E9D825 /* Build configuration list for PBXNativeTarget "RandomPhotoAppUnitTests" */;
			buildPhases = (
				3AA17EEE2C7B5C2D00E9D825 /* Sources */,
				3AA17EEF2C7B5C2D00E9D825 /* Frameworks */,
				3AA17EF02C7B5C2D00E9D825 /* Resources */,
			);
			buildRules = (
			);
			dependencies = (
				3AA17EF42C7B5C2D00E9D825 /* PBXTargetDependency */,
			);
			name = RandomPhotoAppUnitTests;
			productName = RandomPhotoAppTests;
			productReference = 3AA17EF22C7B5C2D00E9D825 /* RandomPhotoAppUnitTests.xctest */;
			productType = "com.apple.product-type.bundle.unit-test";
		};
		3AA17EFB2C7B5C2D00E9D825 /* RandomPhotoAppUITests */ = {
			isa = PBXNativeTarget;
			buildConfigurationList = 3AA17F0C2C7B5C2D00E9D825 /* Build configuration list for PBXNativeTarget "RandomPhotoAppUITests" */;
			buildPhases = (
				3AA17EF82C7B5C2D00E9D825 /* Sources */,
				3AA17EF92C7B5C2D00E9D825 /* Frameworks */,
				3AA17EFA2C7B5C2D00E9D825 /* Resources */,
			);
			buildRules = (
			);
			dependencies = (
				3AA17EFE2C7B5C2D00E9D825 /* PBXTargetDependency */,
			);
			name = RandomPhotoAppUITests;
			productName = RandomPhotoAppUITests;
			productReference = 3AA17EFC2C7B5C2D00E9D825 /* RandomPhotoAppUITests.xctest */;
			productType = "com.apple.product-type.bundle.ui-testing";
		};
/* End PBXNativeTarget section */

/* Begin PBXProject section */
		3AA17ED42C7B5C2900E9D825 /* Project object */ = {
			isa = PBXProject;
			attributes = {
				BuildIndependentTargetsInParallel = 1;
				LastSwiftUpdateCheck = 1520;
				LastUpgradeCheck = 1520;
				TargetAttributes = {
					3AA17EDB2C7B5C2900E9D825 = {
						CreatedOnToolsVersion = 15.2;
					};
					3AA17EF12C7B5C2D00E9D825 = {
						CreatedOnToolsVersion = 15.2;
						TestTargetID = 3AA17EDB2C7B5C2900E9D825;
					};
					3AA17EFB2C7B5C2D00E9D825 = {
						CreatedOnToolsVersion = 15.2;
						TestTargetID = 3AA17EDB2C7B5C2900E9D825;
					};
				};
			};
			buildConfigurationList = 3AA17ED72C7B5C2900E9D825 /* Build configuration list for PBXProject "RandomPhotoApp" */;
			compatibilityVersion = "Xcode 14.0";
			developmentRegion = en;
			hasScannedForEncodings = 0;
			knownRegions = (
				en,
				Base,
			);
			mainGroup = 3AA17ED32C7B5C2900E9D825;
			productRefGroup = 3AA17EDD2C7B5C2900E9D825 /* Products */;
			projectDirPath = "";
			projectRoot = "";
			targets = (
				3AA17EDB2C7B5C2900E9D825 /* RandomPhotoApp */,
				3AA17EF12C7B5C2D00E9D825 /* RandomPhotoAppUnitTests */,
				3AA17EFB2C7B5C2D00E9D825 /* RandomPhotoAppUITests */,
			);
		};
/* End PBXProject section */

/* Begin PBXResourcesBuildPhase section */
		3AA17EDA2C7B5C2900E9D825 /* Resources */ = {
			isa = PBXResourcesBuildPhase;
			buildActionMask = 2147483647;
			files = (
				3AA17EEC2C7B5C2D00E9D825 /* LaunchScreen.storyboard in Resources */,
				3AA17EE92C7B5C2D00E9D825 /* Assets.xcassets in Resources */,
				3AC4C10A2CB8203500EDF046 /* Dogs.jpg in Resources */,
				3AC4C1082CB8202900EDF046 /* Cats.jpg in Resources */,
				3AB686A42C89B6650021ECA2 /* Launch_Screen.jpg in Resources */,
				3AA17EE72C7B5C2A00E9D825 /* Main.storyboard in Resources */,
			);
			runOnlyForDeploymentPostprocessing = 0;
		};
		3AA17EF02C7B5C2D00E9D825 /* Resources */ = {
			isa = PBXResourcesBuildPhase;
			buildActionMask = 2147483647;
			files = (
			);
			runOnlyForDeploymentPostprocessing = 0;
		};
		3AA17EFA2C7B5C2D00E9D825 /* Resources */ = {
			isa = PBXResourcesBuildPhase;
			buildActionMask = 2147483647;
			files = (
				3A437F282CAB44E80075C1BF /* Main.storyboard in Resources */,
			);
			runOnlyForDeploymentPostprocessing = 0;
		};
/* End PBXResourcesBuildPhase section */

/* Begin PBXSourcesBuildPhase section */
		3AA17ED82C7B5C2900E9D825 /* Sources */ = {
			isa = PBXSourcesBuildPhase;
			buildActionMask = 2147483647;
			files = (
				3AA17EE42C7B5C2900E9D825 /* MainViewController.swift in Sources */,
				3A2D52812C88CA1D00210ADC /* CatsViewController.swift in Sources */,
				3A2D527F2C88C91D00210ADC /* DogsViewController.swift in Sources */,
				3AF5C3C22CB6953300FE6AF6 /* MockURLProtocol.swift in Sources */,
				3AA17EE02C7B5C2900E9D825 /* AppDelegate.swift in Sources */,
				3AA17EE22C7B5C2900E9D825 /* SceneDelegate.swift in Sources */,
			);
			runOnlyForDeploymentPostprocessing = 0;
		};
		3AA17EEE2C7B5C2D00E9D825 /* Sources */ = {
			isa = PBXSourcesBuildPhase;
			buildActionMask = 2147483647;
			files = (
				3AF7D4EA2CBE572200013F69 /* MockURLProtocol.swift in Sources */,
				3AA17EF72C7B5C2D00E9D825 /* RandomPhotoAppUnitTests.swift in Sources */,
			);
			runOnlyForDeploymentPostprocessing = 0;
		};
		3AA17EF82C7B5C2D00E9D825 /* Sources */ = {
			isa = PBXSourcesBuildPhase;
			buildActionMask = 2147483647;
			files = (
				3AF5C3C32CB6956700FE6AF6 /* MockURLProtocol.swift in Sources */,
				3A5415B42CBE66EF00EAF08F /* RandomPhotoAppUITests.swift in Sources */,
			);
			runOnlyForDeploymentPostprocessing = 0;
		};
/* End PBXSourcesBuildPhase section */

/* Begin PBXTargetDependency section */
		3AA17EF42C7B5C2D00E9D825 /* PBXTargetDependency */ = {
			isa = PBXTargetDependency;
			target = 3AA17EDB2C7B5C2900E9D825 /* RandomPhotoApp */;
			targetProxy = 3AA17EF32C7B5C2D00E9D825 /* PBXContainerItemProxy */;
		};
		3AA17EFE2C7B5C2D00E9D825 /* PBXTargetDependency */ = {
			isa = PBXTargetDependency;
			target = 3AA17EDB2C7B5C2900E9D825 /* RandomPhotoApp */;
			targetProxy = 3AA17EFD2C7B5C2D00E9D825 /* PBXContainerItemProxy */;
		};
/* End PBXTargetDependency section */

/* Begin PBXVariantGroup section */
		3AA17EE52C7B5C2A00E9D825 /* Main.storyboard */ = {
			isa = PBXVariantGroup;
			children = (
				3AA17EE62C7B5C2A00E9D825 /* Base */,
			);
			name = Main.storyboard;
			sourceTree = "<group>";
		};
		3AA17EEA2C7B5C2D00E9D825 /* LaunchScreen.storyboard */ = {
			isa = PBXVariantGroup;
			children = (
				3AA17EEB2C7B5C2D00E9D825 /* Base */,
			);
			name = LaunchScreen.storyboard;
			sourceTree = "<group>";
		};
/* End PBXVariantGroup section */

/* Begin XCBuildConfiguration section */
		3AA17F042C7B5C2D00E9D825 /* Debug */ = {
			isa = XCBuildConfiguration;
			buildSettings = {
				ALWAYS_SEARCH_USER_PATHS = NO;
				ASSETCATALOG_COMPILER_GENERATE_SWIFT_ASSET_SYMBOL_EXTENSIONS = YES;
				CLANG_ANALYZER_NONNULL = YES;
				CLANG_ANALYZER_NUMBER_OBJECT_CONVERSION = YES_AGGRESSIVE;
				CLANG_CXX_LANGUAGE_STANDARD = "gnu++20";
				CLANG_ENABLE_MODULES = YES;
				CLANG_ENABLE_OBJC_ARC = YES;
				CLANG_ENABLE_OBJC_WEAK = YES;
				CLANG_WARN_BLOCK_CAPTURE_AUTORELEASING = YES;
				CLANG_WARN_BOOL_CONVERSION = YES;
				CLANG_WARN_COMMA = YES;
				CLANG_WARN_CONSTANT_CONVERSION = YES;
				CLANG_WARN_DEPRECATED_OBJC_IMPLEMENTATIONS = YES;
				CLANG_WARN_DIRECT_OBJC_ISA_USAGE = YES_ERROR;
				CLANG_WARN_DOCUMENTATION_COMMENTS = YES;
				CLANG_WARN_EMPTY_BODY = YES;
				CLANG_WARN_ENUM_CONVERSION = YES;
				CLANG_WARN_INFINITE_RECURSION = YES;
				CLANG_WARN_INT_CONVERSION = YES;
				CLANG_WARN_NON_LITERAL_NULL_CONVERSION = YES;
				CLANG_WARN_OBJC_IMPLICIT_RETAIN_SELF = YES;
				CLANG_WARN_OBJC_LITERAL_CONVERSION = YES;
				CLANG_WARN_OBJC_ROOT_CLASS = YES_ERROR;
				CLANG_WARN_QUOTED_INCLUDE_IN_FRAMEWORK_HEADER = YES;
				CLANG_WARN_RANGE_LOOP_ANALYSIS = YES;
				CLANG_WARN_STRICT_PROTOTYPES = YES;
				CLANG_WARN_SUSPICIOUS_MOVE = YES;
				CLANG_WARN_UNGUARDED_AVAILABILITY = YES_AGGRESSIVE;
				CLANG_WARN_UNREACHABLE_CODE = YES;
				CLANG_WARN__DUPLICATE_METHOD_MATCH = YES;
				COPY_PHASE_STRIP = NO;
				DEBUG_INFORMATION_FORMAT = dwarf;
				ENABLE_STRICT_OBJC_MSGSEND = YES;
				ENABLE_TESTABILITY = YES;
				ENABLE_USER_SCRIPT_SANDBOXING = YES;
				GCC_C_LANGUAGE_STANDARD = gnu17;
				GCC_DYNAMIC_NO_PIC = NO;
				GCC_NO_COMMON_BLOCKS = YES;
				GCC_OPTIMIZATION_LEVEL = 0;
				GCC_PREPROCESSOR_DEFINITIONS = (
					"DEBUG=1",
					"$(inherited)",
				);
				GCC_WARN_64_TO_32_BIT_CONVERSION = YES;
				GCC_WARN_ABOUT_RETURN_TYPE = YES_ERROR;
				GCC_WARN_UNDECLARED_SELECTOR = YES;
				GCC_WARN_UNINITIALIZED_AUTOS = YES_AGGRESSIVE;
				GCC_WARN_UNUSED_FUNCTION = YES;
				GCC_WARN_UNUSED_VARIABLE = YES;
				IPHONEOS_DEPLOYMENT_TARGET = 17.2;
				LOCALIZATION_PREFERS_STRING_CATALOGS = YES;
				MTL_ENABLE_DEBUG_INFO = INCLUDE_SOURCE;
				MTL_FAST_MATH = YES;
				ONLY_ACTIVE_ARCH = YES;
				SDKROOT = iphoneos;
				SWIFT_ACTIVE_COMPILATION_CONDITIONS = "DEBUG $(inherited)";
				SWIFT_OPTIMIZATION_LEVEL = "-Onone";
			};
			name = Debug;
		};
		3AA17F052C7B5C2D00E9D825 /* Release */ = {
			isa = XCBuildConfiguration;
			buildSettings = {
				ALWAYS_SEARCH_USER_PATHS = NO;
				ASSETCATALOG_COMPILER_GENERATE_SWIFT_ASSET_SYMBOL_EXTENSIONS = YES;
				CLANG_ANALYZER_NONNULL = YES;
				CLANG_ANALYZER_NUMBER_OBJECT_CONVERSION = YES_AGGRESSIVE;
				CLANG_CXX_LANGUAGE_STANDARD = "gnu++20";
				CLANG_ENABLE_MODULES = YES;
				CLANG_ENABLE_OBJC_ARC = YES;
				CLANG_ENABLE_OBJC_WEAK = YES;
				CLANG_WARN_BLOCK_CAPTURE_AUTORELEASING = YES;
				CLANG_WARN_BOOL_CONVERSION = YES;
				CLANG_WARN_COMMA = YES;
				CLANG_WARN_CONSTANT_CONVERSION = YES;
				CLANG_WARN_DEPRECATED_OBJC_IMPLEMENTATIONS = YES;
				CLANG_WARN_DIRECT_OBJC_ISA_USAGE = YES_ERROR;
				CLANG_WARN_DOCUMENTATION_COMMENTS = YES;
				CLANG_WARN_EMPTY_BODY = YES;
				CLANG_WARN_ENUM_CONVERSION = YES;
				CLANG_WARN_INFINITE_RECURSION = YES;
				CLANG_WARN_INT_CONVERSION = YES;
				CLANG_WARN_NON_LITERAL_NULL_CONVERSION = YES;
				CLANG_WARN_OBJC_IMPLICIT_RETAIN_SELF = YES;
				CLANG_WARN_OBJC_LITERAL_CONVERSION = YES;
				CLANG_WARN_OBJC_ROOT_CLASS = YES_ERROR;
				CLANG_WARN_QUOTED_INCLUDE_IN_FRAMEWORK_HEADER = YES;
				CLANG_WARN_RANGE_LOOP_ANALYSIS = YES;
				CLANG_WARN_STRICT_PROTOTYPES = YES;
				CLANG_WARN_SUSPICIOUS_MOVE = YES;
				CLANG_WARN_UNGUARDED_AVAILABILITY = YES_AGGRESSIVE;
				CLANG_WARN_UNREACHABLE_CODE = YES;
				CLANG_WARN__DUPLICATE_METHOD_MATCH = YES;
				COPY_PHASE_STRIP = NO;
				DEBUG_INFORMATION_FORMAT = "dwarf-with-dsym";
				ENABLE_NS_ASSERTIONS = NO;
				ENABLE_STRICT_OBJC_MSGSEND = YES;
				ENABLE_USER_SCRIPT_SANDBOXING = YES;
				GCC_C_LANGUAGE_STANDARD = gnu17;
				GCC_NO_COMMON_BLOCKS = YES;
				GCC_WARN_64_TO_32_BIT_CONVERSION = YES;
				GCC_WARN_ABOUT_RETURN_TYPE = YES_ERROR;
				GCC_WARN_UNDECLARED_SELECTOR = YES;
				GCC_WARN_UNINITIALIZED_AUTOS = YES_AGGRESSIVE;
				GCC_WARN_UNUSED_FUNCTION = YES;
				GCC_WARN_UNUSED_VARIABLE = YES;
				IPHONEOS_DEPLOYMENT_TARGET = 17.2;
				LOCALIZATION_PREFERS_STRING_CATALOGS = YES;
				MTL_ENABLE_DEBUG_INFO = NO;
				MTL_FAST_MATH = YES;
				SDKROOT = iphoneos;
				SWIFT_COMPILATION_MODE = wholemodule;
				VALIDATE_PRODUCT = YES;
			};
			name = Release;
		};
		3AA17F072C7B5C2D00E9D825 /* Debug */ = {
			isa = XCBuildConfiguration;
			buildSettings = {
				ASSETCATALOG_COMPILER_APPICON_NAME = AppIcon;
				ASSETCATALOG_COMPILER_GLOBAL_ACCENT_COLOR_NAME = AccentColor;
				CODE_SIGN_STYLE = Automatic;
				CURRENT_PROJECT_VERSION = 1;
				DEVELOPMENT_TEAM = YRRLMLBMMS;
				GENERATE_INFOPLIST_FILE = YES;
				INFOPLIST_FILE = RandomPhotoApp/Info.plist;
				INFOPLIST_KEY_UIApplicationSupportsIndirectInputEvents = YES;
				INFOPLIST_KEY_UILaunchStoryboardName = LaunchScreen;
				INFOPLIST_KEY_UIMainStoryboardFile = Main;
				INFOPLIST_KEY_UISupportedInterfaceOrientations_iPad = "UIInterfaceOrientationPortrait UIInterfaceOrientationPortraitUpsideDown UIInterfaceOrientationLandscapeLeft UIInterfaceOrientationLandscapeRight";
				INFOPLIST_KEY_UISupportedInterfaceOrientations_iPhone = "UIInterfaceOrientationPortrait UIInterfaceOrientationLandscapeLeft UIInterfaceOrientationLandscapeRight";
				LD_RUNPATH_SEARCH_PATHS = (
					"$(inherited)",
					"@executable_path/Frameworks",
				);
				MARKETING_VERSION = 1.0;
				PRODUCT_BUNDLE_IDENTIFIER = DK.RandomPhotoApp;
				PRODUCT_NAME = "$(TARGET_NAME)";
				SWIFT_EMIT_LOC_STRINGS = YES;
				SWIFT_VERSION = 5.0;
				TARGETED_DEVICE_FAMILY = "1,2";
			};
			name = Debug;
		};
		3AA17F082C7B5C2D00E9D825 /* Release */ = {
			isa = XCBuildConfiguration;
			buildSettings = {
				ASSETCATALOG_COMPILER_APPICON_NAME = AppIcon;
				ASSETCATALOG_COMPILER_GLOBAL_ACCENT_COLOR_NAME = AccentColor;
				CODE_SIGN_STYLE = Automatic;
				CURRENT_PROJECT_VERSION = 1;
				DEVELOPMENT_TEAM = YRRLMLBMMS;
				GENERATE_INFOPLIST_FILE = YES;
				INFOPLIST_FILE = RandomPhotoApp/Info.plist;
				INFOPLIST_KEY_UIApplicationSupportsIndirectInputEvents = YES;
				INFOPLIST_KEY_UILaunchStoryboardName = LaunchScreen;
				INFOPLIST_KEY_UIMainStoryboardFile = Main;
				INFOPLIST_KEY_UISupportedInterfaceOrientations_iPad = "UIInterfaceOrientationPortrait UIInterfaceOrientationPortraitUpsideDown UIInterfaceOrientationLandscapeLeft UIInterfaceOrientationLandscapeRight";
				INFOPLIST_KEY_UISupportedInterfaceOrientations_iPhone = "UIInterfaceOrientationPortrait UIInterfaceOrientationLandscapeLeft UIInterfaceOrientationLandscapeRight";
				LD_RUNPATH_SEARCH_PATHS = (
					"$(inherited)",
					"@executable_path/Frameworks",
				);
				MARKETING_VERSION = 1.0;
				PRODUCT_BUNDLE_IDENTIFIER = DK.RandomPhotoApp;
				PRODUCT_NAME = "$(TARGET_NAME)";
				SWIFT_EMIT_LOC_STRINGS = YES;
				SWIFT_VERSION = 5.0;
				TARGETED_DEVICE_FAMILY = "1,2";
			};
			name = Release;
		};
		3AA17F0A2C7B5C2D00E9D825 /* Debug */ = {
			isa = XCBuildConfiguration;
			buildSettings = {
				ALWAYS_EMBED_SWIFT_STANDARD_LIBRARIES = YES;
				BUNDLE_LOADER = "$(TEST_HOST)";
				CODE_SIGN_STYLE = Automatic;
				CURRENT_PROJECT_VERSION = 1;
				DEVELOPMENT_TEAM = YRRLMLBMMS;
				GENERATE_INFOPLIST_FILE = YES;
				IPHONEOS_DEPLOYMENT_TARGET = 17.2;
				MARKETING_VERSION = 1.0;
				PRODUCT_BUNDLE_IDENTIFIER = DK.RandomPhotoAppTests;
				PRODUCT_NAME = "$(TARGET_NAME)";
				SWIFT_EMIT_LOC_STRINGS = NO;
				SWIFT_VERSION = 5.0;
				TARGETED_DEVICE_FAMILY = "1,2";
				TEST_HOST = "$(BUILT_PRODUCTS_DIR)/RandomPhotoApp.app/$(BUNDLE_EXECUTABLE_FOLDER_PATH)/RandomPhotoApp";
			};
			name = Debug;
		};
		3AA17F0B2C7B5C2D00E9D825 /* Release */ = {
			isa = XCBuildConfiguration;
			buildSettings = {
				ALWAYS_EMBED_SWIFT_STANDARD_LIBRARIES = YES;
				BUNDLE_LOADER = "$(TEST_HOST)";
				CODE_SIGN_STYLE = Automatic;
				CURRENT_PROJECT_VERSION = 1;
				DEVELOPMENT_TEAM = YRRLMLBMMS;
				GENERATE_INFOPLIST_FILE = YES;
				IPHONEOS_DEPLOYMENT_TARGET = 17.2;
				MARKETING_VERSION = 1.0;
				PRODUCT_BUNDLE_IDENTIFIER = DK.RandomPhotoAppTests;
				PRODUCT_NAME = "$(TARGET_NAME)";
				SWIFT_EMIT_LOC_STRINGS = NO;
				SWIFT_VERSION = 5.0;
				TARGETED_DEVICE_FAMILY = "1,2";
				TEST_HOST = "$(BUILT_PRODUCTS_DIR)/RandomPhotoApp.app/$(BUNDLE_EXECUTABLE_FOLDER_PATH)/RandomPhotoApp";
			};
			name = Release;
		};
		3AA17F0D2C7B5C2D00E9D825 /* Debug */ = {
			isa = XCBuildConfiguration;
			buildSettings = {
				ALWAYS_EMBED_SWIFT_STANDARD_LIBRARIES = YES;
				CODE_SIGN_STYLE = Automatic;
				CURRENT_PROJECT_VERSION = 1;
				DEVELOPMENT_TEAM = YRRLMLBMMS;
				GENERATE_INFOPLIST_FILE = YES;
				MARKETING_VERSION = 1.0;
				PRODUCT_BUNDLE_IDENTIFIER = DK.RandomPhotoAppUITests;
				PRODUCT_NAME = "$(TARGET_NAME)";
				SWIFT_EMIT_LOC_STRINGS = NO;
				SWIFT_VERSION = 5.0;
				TARGETED_DEVICE_FAMILY = "1,2";
				TEST_TARGET_NAME = RandomPhotoApp;
			};
			name = Debug;
		};
		3AA17F0E2C7B5C2D00E9D825 /* Release */ = {
			isa = XCBuildConfiguration;
			buildSettings = {
				ALWAYS_EMBED_SWIFT_STANDARD_LIBRARIES = YES;
				CODE_SIGN_STYLE = Automatic;
				CURRENT_PROJECT_VERSION = 1;
				DEVELOPMENT_TEAM = YRRLMLBMMS;
				GENERATE_INFOPLIST_FILE = YES;
				MARKETING_VERSION = 1.0;
				PRODUCT_BUNDLE_IDENTIFIER = DK.RandomPhotoAppUITests;
				PRODUCT_NAME = "$(TARGET_NAME)";
				SWIFT_EMIT_LOC_STRINGS = NO;
				SWIFT_VERSION = 5.0;
				TARGETED_DEVICE_FAMILY = "1,2";
				TEST_TARGET_NAME = RandomPhotoApp;
			};
			name = Release;
		};
/* End XCBuildConfiguration section */

/* Begin XCConfigurationList section */
		3AA17ED72C7B5C2900E9D825 /* Build configuration list for PBXProject "RandomPhotoApp" */ = {
			isa = XCConfigurationList;
			buildConfigurations = (
				3AA17F042C7B5C2D00E9D825 /* Debug */,
				3AA17F052C7B5C2D00E9D825 /* Release */,
			);
			defaultConfigurationIsVisible = 0;
			defaultConfigurationName = Release;
		};
		3AA17F062C7B5C2D00E9D825 /* Build configuration list for PBXNativeTarget "RandomPhotoApp" */ = {
			isa = XCConfigurationList;
			buildConfigurations = (
				3AA17F072C7B5C2D00E9D825 /* Debug */,
				3AA17F082C7B5C2D00E9D825 /* Release */,
			);
			defaultConfigurationIsVisible = 0;
			defaultConfigurationName = Release;
		};
		3AA17F092C7B5C2D00E9D825 /* Build configuration list for PBXNativeTarget "RandomPhotoAppUnitTests" */ = {
			isa = XCConfigurationList;
			buildConfigurations = (
				3AA17F0A2C7B5C2D00E9D825 /* Debug */,
				3AA17F0B2C7B5C2D00E9D825 /* Release */,
			);
			defaultConfigurationIsVisible = 0;
			defaultConfigurationName = Release;
		};
		3AA17F0C2C7B5C2D00E9D825 /* Build configuration list for PBXNativeTarget "RandomPhotoAppUITests" */ = {
			isa = XCConfigurationList;
			buildConfigurations = (
				3AA17F0D2C7B5C2D00E9D825 /* Debug */,
				3AA17F0E2C7B5C2D00E9D825 /* Release */,
			);
			defaultConfigurationIsVisible = 0;
			defaultConfigurationName = Release;
		};
/* End XCConfigurationList section */
	};
	rootObject = 3AA17ED42C7B5C2900E9D825 /* Project object */;
}
